
Microsoft Visual Studio Solution File, Format Version 12.00
# Visual Studio 15
VisualStudioVersion = 15.0.28010.2036
MinimumVisualStudioVersion = 10.0.40219.1
Project("{FAE04EC0-301F-11D3-BF4B-00C04F79EFBC}") = "MySqlCrud", "MySqlCrud\MySqlCrud.csproj", "{5168E738-8B8E-4640-8025-611E89DBE754}"
EndProject
Global
	GlobalSection(SolutionConfigurationPlatforms) = preSolution
		Debug|Any CPU = Debug|Any CPU
		Release|Any CPU = Release|Any CPU
	EndGlobalSection
	GlobalSection(ProjectConfigurationPlatforms) = postSolution
		{5168E738-8B8E-4640-8025-611E89DBE754}.Debug|Any CPU.ActiveCfg = Debug|Any CPU
		{5168E738-8B8E-4640-8025-611E89DBE754}.Debug|Any CPU.Build.0 = Debug|Any CPU
		{5168E738-8B8E-4640-8025-611E89DBE754}.Release|Any CPU.ActiveCfg = Release|Any CPU
		{5168E738-8B8E-4640-8025-611E89DBE754}.Release|Any CPU.Build.0 = Release|Any CPU
	EndGlobalSection
	GlobalSection(SolutionProperties) = preSolution
		HideSolutionNode = FALSE
	EndGlobalSection
	GlobalSection(ExtensibilityGlobals) = postSolution
		SolutionGuid = {ACD2AF09-D252-4DBF-A231-067F0BD54138}
	EndGlobalSection
EndGlobal
