
Microsoft Visual Studio Solution File, Format Version 12.00
# Visual Studio 15
VisualStudioVersion = 15.0.28010.2036
MinimumVisualStudioVersion = 10.0.40219.1
Project("{FAE04EC0-301F-11D3-BF4B-00C04F79EFBC}") = "ExceptionHandling", "ExceptionHandling\ExceptionHandling.csproj", "{D39390E4-6842-43D4-91D2-A1003593CE07}"
EndProject
Global
	GlobalSection(SolutionConfigurationPlatforms) = preSolution
		Debug|Any CPU = Debug|Any CPU
		Release|Any CPU = Release|Any CPU
	EndGlobalSection
	GlobalSection(ProjectConfigurationPlatforms) = postSolution
		{D39390E4-6842-43D4-91D2-A1003593CE07}.Debug|Any CPU.ActiveCfg = Debug|Any CPU
		{D39390E4-6842-43D4-91D2-A1003593CE07}.Debug|Any CPU.Build.0 = Debug|Any CPU
		{D39390E4-6842-43D4-91D2-A1003593CE07}.Release|Any CPU.ActiveCfg = Release|Any CPU
		{D39390E4-6842-43D4-91D2-A1003593CE07}.Release|Any CPU.Build.0 = Release|Any CPU
	EndGlobalSection
	GlobalSection(SolutionProperties) = preSolution
		HideSolutionNode = FALSE
	EndGlobalSection
	GlobalSection(ExtensibilityGlobals) = postSolution
		SolutionGuid = {CD736C9F-8478-463C-AA92-890289304BBC}
	EndGlobalSection
EndGlobal
