
Microsoft Visual Studio Solution File, Format Version 12.00
# Visual Studio 15
VisualStudioVersion = 15.0.28010.2036
MinimumVisualStudioVersion = 10.0.40219.1
Project("{FAE04EC0-301F-11D3-BF4B-00C04F79EFBC}") = "KlasserDemo", "KlasserDemo\KlasserDemo.csproj", "{12075985-8E8A-464D-B17F-D4907C4C4491}"
EndProject
Global
	GlobalSection(SolutionConfigurationPlatforms) = preSolution
		Debug|Any CPU = Debug|Any CPU
		Release|Any CPU = Release|Any CPU
	EndGlobalSection
	GlobalSection(ProjectConfigurationPlatforms) = postSolution
		{12075985-8E8A-464D-B17F-D4907C4C4491}.Debug|Any CPU.ActiveCfg = Debug|Any CPU
		{12075985-8E8A-464D-B17F-D4907C4C4491}.Debug|Any CPU.Build.0 = Debug|Any CPU
		{12075985-8E8A-464D-B17F-D4907C4C4491}.Release|Any CPU.ActiveCfg = Release|Any CPU
		{12075985-8E8A-464D-B17F-D4907C4C4491}.Release|Any CPU.Build.0 = Release|Any CPU
	EndGlobalSection
	GlobalSection(SolutionProperties) = preSolution
		HideSolutionNode = FALSE
	EndGlobalSection
	GlobalSection(ExtensibilityGlobals) = postSolution
		SolutionGuid = {1BB5C74D-D91A-4888-8D5A-86BF9746972F}
	EndGlobalSection
EndGlobal
